<?xml version="1.0" encoding="utf-8"?>
<Project ToolsVersion="4.0" xmlns="http://schemas.microsoft.com/developer/msbuild/2003">
  <ItemGroup>
    <ClCompile Include="src\main.cpp" />
    <ClCompile Include="src\glad.c" />
    <ClCompile Include="src\KDE\Shader.cpp" />
    <ClCompile Include="src\KDE\VBO.cpp" />
    <ClCompile Include="src\KDE\EBO.cpp" />
    <ClCompile Include="src\KDE\VAO.cpp" />
    <ClCompile Include="src\stb.cpp" />
    <ClCompile Include="src\KDE\Texture.cpp" />
    <ClCompile Include="src\KDE\FrameTimer.cpp" />
    <ClCompile Include="src\KDE\Camera.cpp" />
  </ItemGroup>
  <ItemGroup>
    <None Include="res\shaders\default.vert" />
    <None Include="res\shaders\default.frag" />
    <None Include="res\shaders\light.frag" />
    <None Include="res\shaders\light.vert" />
  </ItemGroup>
  <ItemGroup>
    <ClInclude Include="src\KDE\Shader.h" />
    <ClInclude Include="src\KDE\VBO.h" />
    <ClInclude Include="src\KDE\EBO.h" />
    <ClInclude Include="src\KDE\VAO.h" />
    <ClInclude Include="src\KDE\KDstd.h" />
    <ClInclude Include="src\KDE\gl.h" />
    <ClInclude Include="src\KDE\Texture.h" />
    <ClInclude Include="src\KDE\FrameTimer.h" />
    <ClInclude Include="src\KDE\Camera.h" />
  </ItemGroup>
  <ItemGroup>
    <Image Include="res\textures\kot.jpg" />
    <Image Include="res\textures\brick.jpg" />
  </ItemGroup>
</Project>