<?xml version="1.0" encoding="utf-8"?>
<Project ToolsVersion="4.0" xmlns="http://schemas.microsoft.com/developer/msbuild/2003">
  <ItemGroup>
    <ClCompile Include="src\main.cpp" />
    <ClCompile Include="src\glad.c" />
    <ClCompile Include="src\KDE\Shader.cpp" />
    <ClCompile Include="src\KDE\VBO.cpp" />
    <ClCompile Include="src\KDE\EBO.cpp" />
    <ClCompile Include="src\KDE\VAO.cpp" />
    <ClCompile Include="src\stb.cpp" />
    <ClCompile Include="src\KDE\Texture.cpp" />
    <ClCompile Include="src\KDE\FrameTimer.cpp" />
    <ClCompile Include="src\KDE\Camera.cpp" />
    <ClCompile Include="src\KDE\GL\GLFW.cpp" />
    <ClCompile Include="src\KDE\GL\Window.cpp" />
    <ClCompile Include="src\KDE\Mesh.cpp" />
    <ClCompile Include="src\KDE\Model.cpp" />
    <ClCompile Include="src\KDE\PointLight.cpp" />
    <ClCompile Include="src\imgui\imgui.cpp" />
    <ClCompile Include="src\imgui\imgui_demo.cpp" />
    <ClCompile Include="src\imgui\imgui_draw.cpp" />
    <ClCompile Include="src\imgui\imgui_impl_glfw.cpp" />
    <ClCompile Include="src\imgui\imgui_impl_opengl3.cpp" />
    <ClCompile Include="src\imgui\imgui_tables.cpp" />
    <ClCompile Include="src\imgui\imgui_widgets.cpp" />
    <ClCompile Include="src\KDE\ImguiManager.cpp" />
  </ItemGroup>
  <ItemGroup>
    <None Include="res\shaders\default.vert" />
    <None Include="res\shaders\default.frag" />
    <None Include="res\shaders\light.frag" />
    <None Include="res\shaders\light.vert" />
  </ItemGroup>
  <ItemGroup>
    <ClInclude Include="src\KDE\Shader.h" />
    <ClInclude Include="src\KDE\VBO.h" />
    <ClInclude Include="src\KDE\EBO.h" />
    <ClInclude Include="src\KDE\VAO.h" />
    <ClInclude Include="src\KDE\KDstd.h" />
    <ClInclude Include="src\KDE\gl.h" />
    <ClInclude Include="src\KDE\Texture.h" />
    <ClInclude Include="src\KDE\FrameTimer.h" />
    <ClInclude Include="src\KDE\Camera.h" />
    <ClInclude Include="src\KDE\GL\GLFW.h" />
    <ClInclude Include="src\KDE\GL\GLstd.h" />
    <ClInclude Include="src\KDE\GL\Window.h" />
    <ClInclude Include="src\KDE\Mesh.h" />
    <ClInclude Include="src\KDE\Model.h" />
    <ClInclude Include="src\KDE\shapes\Cube.h" />
    <ClInclude Include="src\KDE\shapes\Plane.h" />
    <ClInclude Include="src\KDE\PointLight.h" />
    <ClInclude Include="src\imgui\imconfig.h" />
    <ClInclude Include="src\imgui\imgui.h" />
    <ClInclude Include="src\imgui\imgui_impl_glfw.h" />
    <ClInclude Include="src\imgui\imgui_impl_opengl3.h" />
    <ClInclude Include="src\imgui\imgui_internal.h" />
    <ClInclude Include="src\imgui\imstb_rectpack.h" />
    <ClInclude Include="src\imgui\imstb_textedit.h" />
    <ClInclude Include="src\imgui\imstb_truetype.h" />
    <ClInclude Include="src\imgui\imgui_impl_opengl3_loader.h" />
    <ClInclude Include="src\KDE\ImguiManager.h" />
  </ItemGroup>
  <ItemGroup>
    <Image Include="res\textures\kot.jpg" />
    <Image Include="res\textures\brick.jpg" />
    <Image Include="res\textures\planks.png" />
    <Image Include="res\textures\planksSpec.png" />
  </ItemGroup>
</Project>